
Microsoft Visual Studio Solution File, Format Version 12.00
# Visual Studio Version 17
VisualStudioVersion = 17.10.35027.167
MinimumVisualStudioVersion = 10.0.40219.1
Project("{FAE04EC0-301F-11D3-BF4B-00C04F79EFBC}") = "OddoBhf", "OddoBhf\OddoBhf.csproj", "{9AAA00DB-B471-4646-BDBB-F3F069AF3620}"
EndProject
Global
	GlobalSection(SolutionConfigurationPlatforms) = preSolution
		Debug|Any CPU = Debug|Any CPU
		Release|Any CPU = Release|Any CPU
	EndGlobalSection
	GlobalSection(ProjectConfigurationPlatforms) = postSolution
		{9AAA00DB-B471-4646-BDBB-F3F069AF3620}.Debug|Any CPU.ActiveCfg = Debug|Any CPU
		{9AAA00DB-B471-4646-BDBB-F3F069AF3620}.Debug|Any CPU.Build.0 = Debug|Any CPU
		{9AAA00DB-B471-4646-BDBB-F3F069AF3620}.Release|Any CPU.ActiveCfg = Release|Any CPU
		{9AAA00DB-B471-4646-BDBB-F3F069AF3620}.Release|Any CPU.Build.0 = Release|Any CPU
	EndGlobalSection
	GlobalSection(SolutionProperties) = preSolution
		HideSolutionNode = FALSE
	EndGlobalSection
	GlobalSection(ExtensibilityGlobals) = postSolution
		SolutionGuid = {99E0CF10-B429-40B8-95DF-5B5D31D6991F}
	EndGlobalSection
EndGlobal
